
Microsoft Visual Studio Solution File, Format Version 12.00
# Visual Studio 15
VisualStudioVersion = 15.0.26730.12
MinimumVisualStudioVersion = 10.0.40219.1
Project("{FAE04EC0-301F-11D3-BF4B-00C04F79EFBC}") = "ConsoleApp2", "ConsoleApp2\ConsoleApp2.csproj", "{29877297-FCAC-4D8F-8D4F-49DEFAA47BE8}"
EndProject
Global
	GlobalSection(SolutionConfigurationPlatforms) = preSolution
		Debug|Any CPU = Debug|Any CPU
		Release|Any CPU = Release|Any CPU
	EndGlobalSection
	GlobalSection(ProjectConfigurationPlatforms) = postSolution
		{29877297-FCAC-4D8F-8D4F-49DEFAA47BE8}.Debug|Any CPU.ActiveCfg = Debug|Any CPU
		{29877297-FCAC-4D8F-8D4F-49DEFAA47BE8}.Debug|Any CPU.Build.0 = Debug|Any CPU
		{29877297-FCAC-4D8F-8D4F-49DEFAA47BE8}.Release|Any CPU.ActiveCfg = Release|Any CPU
		{29877297-FCAC-4D8F-8D4F-49DEFAA47BE8}.Release|Any CPU.Build.0 = Release|Any CPU
	EndGlobalSection
	GlobalSection(SolutionProperties) = preSolution
		HideSolutionNode = FALSE
	EndGlobalSection
	GlobalSection(ExtensibilityGlobals) = postSolution
		SolutionGuid = {61306127-0137-4D4A-815E-E83D3C0D0014}
	EndGlobalSection
EndGlobal
